// !$*UTF8*$!
{
	archiveVersion = 1;
	classes = {
	};
	objectVersion = 46;
	objects = {

/* Begin PBXBuildFile section */
		A7998C111AECDB9000159924 /* AppDelegate.swift in Sources */ = {isa = PBXBuildFile; fileRef = A7998C101AECDB9000159924 /* AppDelegate.swift */; };
		A7998C131AECDB9000159924 /* RootViewController.swift in Sources */ = {isa = PBXBuildFile; fileRef = A7998C121AECDB9000159924 /* RootViewController.swift */; };
		A7998C151AECDB9000159924 /* DataViewController.swift in Sources */ = {isa = PBXBuildFile; fileRef = A7998C141AECDB9000159924 /* DataViewController.swift */; };
		A7998C171AECDB9000159924 /* ModelController.swift in Sources */ = {isa = PBXBuildFile; fileRef = A7998C161AECDB9000159924 /* ModelController.swift */; };
		A7998C1A1AECDB9000159924 /* Main.storyboard in Resources */ = {isa = PBXBuildFile; fileRef = A7998C181AECDB9000159924 /* Main.storyboard */; };
		A7998C1C1AECDB9000159924 /* Images.xcassets in Resources */ = {isa = PBXBuildFile; fileRef = A7998C1B1AECDB9000159924 /* Images.xcassets */; };
		A7998C1F1AECDB9000159924 /* LaunchScreen.xib in Resources */ = {isa = PBXBuildFile; fileRef = A7998C1D1AECDB9000159924 /* LaunchScreen.xib */; };
		A7998C2B1AECDB9000159924 /* Oliver_BinnsTests.swift in Sources */ = {isa = PBXBuildFile; fileRef = A7998C2A1AECDB9000159924 /* Oliver_BinnsTests.swift */; };
		A7998C351AECE34E00159924 /* InitialViewController.swift in Sources */ = {isa = PBXBuildFile; fileRef = A7998C341AECE34E00159924 /* InitialViewController.swift */; };
		A7998C371AECE9FB00159924 /* AboutMeViewController.swift in Sources */ = {isa = PBXBuildFile; fileRef = A7998C361AECE9FB00159924 /* AboutMeViewController.swift */; };
		A7998C391AECEAD700159924 /* MapKit.framework in Frameworks */ = {isa = PBXBuildFile; fileRef = A7998C381AECEAD700159924 /* MapKit.framework */; };
		A7998C3D1AECF2CE00159924 /* GlobalMethods.swift in Sources */ = {isa = PBXBuildFile; fileRef = A7998C3C1AECF2CE00159924 /* GlobalMethods.swift */; };
		A7998C3F1AED106C00159924 /* DataObject.swift in Sources */ = {isa = PBXBuildFile; fileRef = A7998C3E1AED106C00159924 /* DataObject.swift */; };
		A7998C411AED11CC00159924 /* data.json in Resources */ = {isa = PBXBuildFile; fileRef = A7998C401AED11CB00159924 /* data.json */; };
/* End PBXBuildFile section */

/* Begin PBXContainerItemProxy section */
		A7998C251AECDB9000159924 /* PBXContainerItemProxy */ = {
			isa = PBXContainerItemProxy;
			containerPortal = A7998C031AECDB9000159924 /* Project object */;
			proxyType = 1;
			remoteGlobalIDString = A7998C0A1AECDB9000159924;
			remoteInfo = "Oliver Binns";
		};
/* End PBXContainerItemProxy section */

/* Begin PBXFileReference section */
		A7998C0B1AECDB9000159924 /* Oliver Binns.app */ = {isa = PBXFileReference; explicitFileType = wrapper.application; includeInIndex = 0; path = "Oliver Binns.app"; sourceTree = BUILT_PRODUCTS_DIR; };
		A7998C0F1AECDB9000159924 /* Info.plist */ = {isa = PBXFileReference; lastKnownFileType = text.plist.xml; path = Info.plist; sourceTree = "<group>"; };
		A7998C101AECDB9000159924 /* AppDelegate.swift */ = {isa = PBXFileReference; lastKnownFileType = sourcecode.swift; path = AppDelegate.swift; sourceTree = "<group>"; };
		A7998C121AECDB9000159924 /* RootViewController.swift */ = {isa = PBXFileReference; lastKnownFileType = sourcecode.swift; path = RootViewController.swift; sourceTree = "<group>"; };
		A7998C141AECDB9000159924 /* DataViewController.swift */ = {isa = PBXFileReference; lastKnownFileType = sourcecode.swift; path = DataViewController.swift; sourceTree = "<group>"; };
		A7998C161AECDB9000159924 /* ModelController.swift */ = {isa = PBXFileReference; lastKnownFileType = sourcecode.swift; path = ModelController.swift; sourceTree = "<group>"; };
		A7998C191AECDB9000159924 /* Base */ = {isa = PBXFileReference; lastKnownFileType = file.storyboard; name = Base; path = Base.lproj/Main.storyboard; sourceTree = "<group>"; };
		A7998C1B1AECDB9000159924 /* Images.xcassets */ = {isa = PBXFileReference; lastKnownFileType = folder.assetcatalog; path = Images.xcassets; sourceTree = "<group>"; };
		A7998C1E1AECDB9000159924 /* Base */ = {isa = PBXFileReference; lastKnownFileType = file.xib; name = Base; path = Base.lproj/LaunchScreen.xib; sourceTree = "<group>"; };
		A7998C241AECDB9000159924 /* Oliver BinnsTests.xctest */ = {isa = PBXFileReference; explicitFileType = wrapper.cfbundle; includeInIndex = 0; path = "Oliver BinnsTests.xctest"; sourceTree = BUILT_PRODUCTS_DIR; };
		A7998C291AECDB9000159924 /* Info.plist */ = {isa = PBXFileReference; lastKnownFileType = text.plist.xml; path = Info.plist; sourceTree = "<group>"; };
		A7998C2A1AECDB9000159924 /* Oliver_BinnsTests.swift */ = {isa = PBXFileReference; lastKnownFileType = sourcecode.swift; path = Oliver_BinnsTests.swift; sourceTree = "<group>"; };
		A7998C341AECE34E00159924 /* InitialViewController.swift */ = {isa = PBXFileReference; fileEncoding = 4; lastKnownFileType = sourcecode.swift; path = InitialViewController.swift; sourceTree = "<group>"; };
		A7998C361AECE9FB00159924 /* AboutMeViewController.swift */ = {isa = PBXFileReference; fileEncoding = 4; lastKnownFileType = sourcecode.swift; path = AboutMeViewController.swift; sourceTree = "<group>"; };
		A7998C381AECEAD700159924 /* MapKit.framework */ = {isa = PBXFileReference; lastKnownFileType = wrapper.framework; name = MapKit.framework; path = System/Library/Frameworks/MapKit.framework; sourceTree = SDKROOT; };
		A7998C3C1AECF2CE00159924 /* GlobalMethods.swift */ = {isa = PBXFileReference; fileEncoding = 4; lastKnownFileType = sourcecode.swift; path = GlobalMethods.swift; sourceTree = "<group>"; };
		A7998C3E1AED106C00159924 /* DataObject.swift */ = {isa = PBXFileReference; fileEncoding = 4; lastKnownFileType = sourcecode.swift; path = DataObject.swift; sourceTree = "<group>"; };
		A7998C401AED11CB00159924 /* data.json */ = {isa = PBXFileReference; fileEncoding = 4; lastKnownFileType = text.json; path = data.json; sourceTree = "<group>"; };
/* End PBXFileReference section */

/* Begin PBXFrameworksBuildPhase section */
		A7998C081AECDB9000159924 /* Frameworks */ = {
			isa = PBXFrameworksBuildPhase;
			buildActionMask = 2147483647;
			files = (
				A7998C391AECEAD700159924 /* MapKit.framework in Frameworks */,
			);
			runOnlyForDeploymentPostprocessing = 0;
		};
		A7998C211AECDB9000159924 /* Frameworks */ = {
			isa = PBXFrameworksBuildPhase;
			buildActionMask = 2147483647;
			files = (
			);
			runOnlyForDeploymentPostprocessing = 0;
		};
/* End PBXFrameworksBuildPhase section */

/* Begin PBXGroup section */
		A7998C021AECDB9000159924 = {
			isa = PBXGroup;
			children = (
				A7998C381AECEAD700159924 /* MapKit.framework */,
				A7998C0D1AECDB9000159924 /* Oliver Binns */,
				A7998C271AECDB9000159924 /* Oliver BinnsTests */,
				A7998C0C1AECDB9000159924 /* Products */,
			);
			sourceTree = "<group>";
		};
		A7998C0C1AECDB9000159924 /* Products */ = {
			isa = PBXGroup;
			children = (
				A7998C0B1AECDB9000159924 /* Oliver Binns.app */,
				A7998C241AECDB9000159924 /* Oliver BinnsTests.xctest */,
			);
			name = Products;
			sourceTree = "<group>";
		};
		A7998C0D1AECDB9000159924 /* Oliver Binns */ = {
			isa = PBXGroup;
			children = (
				A7998C3C1AECF2CE00159924 /* GlobalMethods.swift */,
				A7998C101AECDB9000159924 /* AppDelegate.swift */,
				A7998C121AECDB9000159924 /* RootViewController.swift */,
				A7998C141AECDB9000159924 /* DataViewController.swift */,
				A7998C3E1AED106C00159924 /* DataObject.swift */,
				A7998C401AED11CB00159924 /* data.json */,
				A7998C161AECDB9000159924 /* ModelController.swift */,
				A7998C181AECDB9000159924 /* Main.storyboard */,
				A7998C361AECE9FB00159924 /* AboutMeViewController.swift */,
				A7998C341AECE34E00159924 /* InitialViewController.swift */,
				A7998C1B1AECDB9000159924 /* Images.xcassets */,
				A7998C1D1AECDB9000159924 /* LaunchScreen.xib */,
				A7998C0E1AECDB9000159924 /* Supporting Files */,
			);
			path = "Oliver Binns";
			sourceTree = "<group>";
		};
		A7998C0E1AECDB9000159924 /* Supporting Files */ = {
			isa = PBXGroup;
			children = (
				A7998C0F1AECDB9000159924 /* Info.plist */,
			);
			name = "Supporting Files";
			sourceTree = "<group>";
		};
		A7998C271AECDB9000159924 /* Oliver BinnsTests */ = {
			isa = PBXGroup;
			children = (
				A7998C2A1AECDB9000159924 /* Oliver_BinnsTests.swift */,
				A7998C281AECDB9000159924 /* Supporting Files */,
			);
			path = "Oliver BinnsTests";
			sourceTree = "<group>";
		};
		A7998C281AECDB9000159924 /* Supporting Files */ = {
			isa = PBXGroup;
			children = (
				A7998C291AECDB9000159924 /* Info.plist */,
			);
			name = "Supporting Files";
			sourceTree = "<group>";
		};
/* End PBXGroup section */

/* Begin PBXNativeTarget section */
		A7998C0A1AECDB9000159924 /* Oliver Binns */ = {
			isa = PBXNativeTarget;
			buildConfigurationList = A7998C2E1AECDB9000159924 /* Build configuration list for PBXNativeTarget "Oliver Binns" */;
			buildPhases = (
				A7998C071AECDB9000159924 /* Sources */,
				A7998C081AECDB9000159924 /* Frameworks */,
				A7998C091AECDB9000159924 /* Resources */,
			);
			buildRules = (
			);
			dependencies = (
			);
			name = "Oliver Binns";
			productName = "Oliver Binns";
			productReference = A7998C0B1AECDB9000159924 /* Oliver Binns.app */;
			productType = "com.apple.product-type.application";
		};
		A7998C231AECDB9000159924 /* Oliver BinnsTests */ = {
			isa = PBXNativeTarget;
			buildConfigurationList = A7998C311AECDB9000159924 /* Build configuration list for PBXNativeTarget "Oliver BinnsTests" */;
			buildPhases = (
				A7998C201AECDB9000159924 /* Sources */,
				A7998C211AECDB9000159924 /* Frameworks */,
				A7998C221AECDB9000159924 /* Resources */,
			);
			buildRules = (
			);
			dependencies = (
				A7998C261AECDB9000159924 /* PBXTargetDependency */,
			);
			name = "Oliver BinnsTests";
			productName = "Oliver BinnsTests";
			productReference = A7998C241AECDB9000159924 /* Oliver BinnsTests.xctest */;
			productType = "com.apple.product-type.bundle.unit-test";
		};
/* End PBXNativeTarget section */

/* Begin PBXProject section */
		A7998C031AECDB9000159924 /* Project object */ = {
			isa = PBXProject;
			attributes = {
				LastUpgradeCheck = 0630;
				ORGANIZATIONNAME = "Oliver Binns";
				TargetAttributes = {
					A7998C0A1AECDB9000159924 = {
						CreatedOnToolsVersion = 6.3.1;
					};
					A7998C231AECDB9000159924 = {
						CreatedOnToolsVersion = 6.3.1;
						TestTargetID = A7998C0A1AECDB9000159924;
					};
				};
			};
			buildConfigurationList = A7998C061AECDB9000159924 /* Build configuration list for PBXProject "Oliver Binns" */;
			compatibilityVersion = "Xcode 3.2";
			developmentRegion = English;
			hasScannedForEncodings = 0;
			knownRegions = (
				en,
				Base,
			);
			mainGroup = A7998C021AECDB9000159924;
			productRefGroup = A7998C0C1AECDB9000159924 /* Products */;
			projectDirPath = "";
			projectRoot = "";
			targets = (
				A7998C0A1AECDB9000159924 /* Oliver Binns */,
				A7998C231AECDB9000159924 /* Oliver BinnsTests */,
			);
		};
/* End PBXProject section */

/* Begin PBXResourcesBuildPhase section */
		A7998C091AECDB9000159924 /* Resources */ = {
			isa = PBXResourcesBuildPhase;
			buildActionMask = 2147483647;
			files = (
				A7998C1A1AECDB9000159924 /* Main.storyboard in Resources */,
				A7998C1F1AECDB9000159924 /* LaunchScreen.xib in Resources */,
				A7998C1C1AECDB9000159924 /* Images.xcassets in Resources */,
				A7998C411AED11CC00159924 /* data.json in Resources */,
			);
			runOnlyForDeploymentPostprocessing = 0;
		};
		A7998C221AECDB9000159924 /* Resources */ = {
			isa = PBXResourcesBuildPhase;
			buildActionMask = 2147483647;
			files = (
			);
			runOnlyForDeploymentPostprocessing = 0;
		};
/* End PBXResourcesBuildPhase section */

/* Begin PBXSourcesBuildPhase section */
		A7998C071AECDB9000159924 /* Sources */ = {
			isa = PBXSourcesBuildPhase;
			buildActionMask = 2147483647;
			files = (
				A7998C3D1AECF2CE00159924 /* GlobalMethods.swift in Sources */,
				A7998C351AECE34E00159924 /* InitialViewController.swift in Sources */,
				A7998C131AECDB9000159924 /* RootViewController.swift in Sources */,
				A7998C171AECDB9000159924 /* ModelController.swift in Sources */,
				A7998C3F1AED106C00159924 /* DataObject.swift in Sources */,
				A7998C151AECDB9000159924 /* DataViewController.swift in Sources */,
				A7998C371AECE9FB00159924 /* AboutMeViewController.swift in Sources */,
				A7998C111AECDB9000159924 /* AppDelegate.swift in Sources */,
			);
			runOnlyForDeploymentPostprocessing = 0;
		};
		A7998C201AECDB9000159924 /* Sources */ = {
			isa = PBXSourcesBuildPhase;
			buildActionMask = 2147483647;
			files = (
				A7998C2B1AECDB9000159924 /* Oliver_BinnsTests.swift in Sources */,
			);
			runOnlyForDeploymentPostprocessing = 0;
		};
/* End PBXSourcesBuildPhase section */

/* Begin PBXTargetDependency section */
		A7998C261AECDB9000159924 /* PBXTargetDependency */ = {
			isa = PBXTargetDependency;
			target = A7998C0A1AECDB9000159924 /* Oliver Binns */;
			targetProxy = A7998C251AECDB9000159924 /* PBXContainerItemProxy */;
		};
/* End PBXTargetDependency section */

/* Begin PBXVariantGroup section */
		A7998C181AECDB9000159924 /* Main.storyboard */ = {
			isa = PBXVariantGroup;
			children = (
				A7998C191AECDB9000159924 /* Base */,
			);
			name = Main.storyboard;
			sourceTree = "<group>";
		};
		A7998C1D1AECDB9000159924 /* LaunchScreen.xib */ = {
			isa = PBXVariantGroup;
			children = (
				A7998C1E1AECDB9000159924 /* Base */,
			);
			name = LaunchScreen.xib;
			sourceTree = "<group>";
		};
/* End PBXVariantGroup section */

/* Begin XCBuildConfiguration section */
		A7998C2C1AECDB9000159924 /* Debug */ = {
			isa = XCBuildConfiguration;
			buildSettings = {
				ALWAYS_SEARCH_USER_PATHS = NO;
				CLANG_CXX_LANGUAGE_STANDARD = "gnu++0x";
				CLANG_CXX_LIBRARY = "libc++";
				CLANG_ENABLE_MODULES = YES;
				CLANG_ENABLE_OBJC_ARC = YES;
				CLANG_WARN_BOOL_CONVERSION = YES;
				CLANG_WARN_CONSTANT_CONVERSION = YES;
				CLANG_WARN_DIRECT_OBJC_ISA_USAGE = YES_ERROR;
				CLANG_WARN_EMPTY_BODY = YES;
				CLANG_WARN_ENUM_CONVERSION = YES;
				CLANG_WARN_INT_CONVERSION = YES;
				CLANG_WARN_OBJC_ROOT_CLASS = YES_ERROR;
				CLANG_WARN_UNREACHABLE_CODE = YES;
				CLANG_WARN__DUPLICATE_METHOD_MATCH = YES;
				"CODE_SIGN_IDENTITY[sdk=iphoneos*]" = "iPhone Developer";
				COPY_PHASE_STRIP = NO;
				DEBUG_INFORMATION_FORMAT = "dwarf-with-dsym";
				ENABLE_STRICT_OBJC_MSGSEND = YES;
				GCC_C_LANGUAGE_STANDARD = gnu99;
				GCC_DYNAMIC_NO_PIC = NO;
				GCC_NO_COMMON_BLOCKS = YES;
				GCC_OPTIMIZATION_LEVEL = 0;
				GCC_PREPROCESSOR_DEFINITIONS = (
					"DEBUG=1",
					"$(inherited)",
				);
				GCC_SYMBOLS_PRIVATE_EXTERN = NO;
				GCC_WARN_64_TO_32_BIT_CONVERSION = YES;
				GCC_WARN_ABOUT_RETURN_TYPE = YES_ERROR;
				GCC_WARN_UNDECLARED_SELECTOR = YES;
				GCC_WARN_UNINITIALIZED_AUTOS = YES_AGGRESSIVE;
				GCC_WARN_UNUSED_FUNCTION = YES;
				GCC_WARN_UNUSED_VARIABLE = YES;
				IPHONEOS_DEPLOYMENT_TARGET = 8.3;
				MTL_ENABLE_DEBUG_INFO = YES;
				ONLY_ACTIVE_ARCH = YES;
				SDKROOT = iphoneos;
				SWIFT_OPTIMIZATION_LEVEL = "-Onone";
			};
			name = Debug;
		};
		A7998C2D1AECDB9000159924 /* Release */ = {
			isa = XCBuildConfiguration;
			buildSettings = {
				ALWAYS_SEARCH_USER_PATHS = NO;
				CLANG_CXX_LANGUAGE_STANDARD = "gnu++0x";
				CLANG_CXX_LIBRARY = "libc++";
				CLANG_ENABLE_MODULES = YES;
				CLANG_ENABLE_OBJC_ARC = YES;
				CLANG_WARN_BOOL_CONVERSION = YES;
				CLANG_WARN_CONSTANT_CONVERSION = YES;
				CLANG_WARN_DIRECT_OBJC_ISA_USAGE = YES_ERROR;
				CLANG_WARN_EMPTY_BODY = YES;
				CLANG_WARN_ENUM_CONVERSION = YES;
				CLANG_WARN_INT_CONVERSION = YES;
				CLANG_WARN_OBJC_ROOT_CLASS = YES_ERROR;
				CLANG_WARN_UNREACHABLE_CODE = YES;
				CLANG_WARN__DUPLICATE_METHOD_MATCH = YES;
				"CODE_SIGN_IDENTITY[sdk=iphoneos*]" = "iPhone Developer";
				COPY_PHASE_STRIP = NO;
				DEBUG_INFORMATION_FORMAT = "dwarf-with-dsym";
				ENABLE_NS_ASSERTIONS = NO;
				ENABLE_STRICT_OBJC_MSGSEND = YES;
				GCC_C_LANGUAGE_STANDARD = gnu99;
				GCC_NO_COMMON_BLOCKS = YES;
				GCC_WARN_64_TO_32_BIT_CONVERSION = YES;
				GCC_WARN_ABOUT_RETURN_TYPE = YES_ERROR;
				GCC_WARN_UNDECLARED_SELECTOR = YES;
				GCC_WARN_UNINITIALIZED_AUTOS = YES_AGGRESSIVE;
				GCC_WARN_UNUSED_FUNCTION = YES;
				GCC_WARN_UNUSED_VARIABLE = YES;
				IPHONEOS_DEPLOYMENT_TARGET = 8.3;
				MTL_ENABLE_DEBUG_INFO = NO;
				SDKROOT = iphoneos;
				VALIDATE_PRODUCT = YES;
			};
			name = Release;
		};
		A7998C2F1AECDB9000159924 /* Debug */ = {
			isa = XCBuildConfiguration;
			buildSettings = {
				ASSETCATALOG_COMPILER_APPICON_NAME = AppIcon;
				INFOPLIST_FILE = "Oliver Binns/Info.plist";
				IPHONEOS_DEPLOYMENT_TARGET = 8.3;
				LD_RUNPATH_SEARCH_PATHS = "$(inherited) @executable_path/Frameworks";
				PRODUCT_NAME = "$(TARGET_NAME)";
			};
			name = Debug;
		};
		A7998C301AECDB9000159924 /* Release */ = {
			isa = XCBuildConfiguration;
			buildSettings = {
				ASSETCATALOG_COMPILER_APPICON_NAME = AppIcon;
				INFOPLIST_FILE = "Oliver Binns/Info.plist";
				IPHONEOS_DEPLOYMENT_TARGET = 8.3;
				LD_RUNPATH_SEARCH_PATHS = "$(inherited) @executable_path/Frameworks";
				PRODUCT_NAME = "$(TARGET_NAME)";
			};
			name = Release;
		};
		A7998C321AECDB9000159924 /* Debug */ = {
			isa = XCBuildConfiguration;
			buildSettings = {
				BUNDLE_LOADER = "$(TEST_HOST)";
				FRAMEWORK_SEARCH_PATHS = (
					"$(SDKROOT)/Developer/Library/Frameworks",
					"$(inherited)",
				);
				GCC_PREPROCESSOR_DEFINITIONS = (
					"DEBUG=1",
					"$(inherited)",
				);
				INFOPLIST_FILE = "Oliver BinnsTests/Info.plist";
				LD_RUNPATH_SEARCH_PATHS = "$(inherited) @executable_path/Frameworks @loader_path/Frameworks";
				PRODUCT_NAME = "$(TARGET_NAME)";
				TEST_HOST = "$(BUILT_PRODUCTS_DIR)/Oliver Binns.app/Oliver Binns";
			};
			name = Debug;
		};
		A7998C331AECDB9000159924 /* Release */ = {
			isa = XCBuildConfiguration;
			buildSettings = {
				BUNDLE_LOADER = "$(TEST_HOST)";
				FRAMEWORK_SEARCH_PATHS = (
					"$(SDKROOT)/Developer/Library/Frameworks",
					"$(inherited)",
				);
				INFOPLIST_FILE = "Oliver BinnsTests/Info.plist";
				LD_RUNPATH_SEARCH_PATHS = "$(inherited) @executable_path/Frameworks @loader_path/Frameworks";
				PRODUCT_NAME = "$(TARGET_NAME)";
				TEST_HOST = "$(BUILT_PRODUCTS_DIR)/Oliver Binns.app/Oliver Binns";
			};
			name = Release;
		};
/* End XCBuildConfiguration section */

/* Begin XCConfigurationList section */
		A7998C061AECDB9000159924 /* Build configuration list for PBXProject "Oliver Binns" */ = {
			isa = XCConfigurationList;
			buildConfigurations = (
				A7998C2C1AECDB9000159924 /* Debug */,
				A7998C2D1AECDB9000159924 /* Release */,
			);
			defaultConfigurationIsVisible = 0;
			defaultConfigurationName = Release;
		};
		A7998C2E1AECDB9000159924 /* Build configuration list for PBXNativeTarget "Oliver Binns" */ = {
			isa = XCConfigurationList;
			buildConfigurations = (
				A7998C2F1AECDB9000159924 /* Debug */,
				A7998C301AECDB9000159924 /* Release */,
			);
			defaultConfigurationIsVisible = 0;
			defaultConfigurationName = Release;
		};
		A7998C311AECDB9000159924 /* Build configuration list for PBXNativeTarget "Oliver BinnsTests" */ = {
			isa = XCConfigurationList;
			buildConfigurations = (
				A7998C321AECDB9000159924 /* Debug */,
				A7998C331AECDB9000159924 /* Release */,
			);
			defaultConfigurationIsVisible = 0;
			defaultConfigurationName = Release;
		};
/* End XCConfigurationList section */
	};
	rootObject = A7998C031AECDB9000159924 /* Project object */;
}
